Microsoft Visual Studio Solution File, Format Version 12.00
# Visual Studio Version 16
VisualStudioVersion = 16.0.31321.278
MinimumVisualStudioVersion = 10.0.40219.1
Project("{9A19103F-16F7-4668-BE54-9A1E7A4F7556}") = "triallife", "src\core\server\triallife.csproj", "{0B5BB3C0-A9D5-444B-9F34-3A3D66659F40}"
EndProject
Global
	GlobalSection(SolutionConfigurationPlatforms) = preSolution
		Debug|Any CPU = Debug|Any CPU
		Release|Any CPU = Release|Any CPU
	EndGlobalSection
	GlobalSection(ProjectConfigurationPlatforms) = postSolution
		{0B5BB3C0-A9D5-444B-9F34-3A3D66659F40}.Debug|Any CPU.ActiveCfg = Debug|Any CPU
		{0B5BB3C0-A9D5-444B-9F34-3A3D66659F40}.Debug|Any CPU.Build.0 = Debug|Any CPU
		{0B5BB3C0-A9D5-444B-9F34-3A3D66659F40}.Release|Any CPU.ActiveCfg = Release|Any CPU
		{0B5BB3C0-A9D5-444B-9F34-3A3D66659F40}.Release|Any CPU.Build.0 = Release|Any CPU
	EndGlobalSection
	GlobalSection(SolutionProperties) = preSolution
		HideSolutionNode = FALSE
	EndGlobalSection
	GlobalSection(ExtensibilityGlobals) = postSolution
		SolutionGuid = {EE919E65-B0E0-4445-9B2D-70837096CAA1}
	EndGlobalSection
EndGlobal
